
Microsoft Visual Studio Solution File, Format Version 12.00
# Visual Studio 2012
Project("{D954291E-2A0B-460D-934E-DC6B0785DB48}") = "Lukbuk", "Lukbuk\Lukbuk.shproj", "{53EC0014-D29E-41EF-B124-2FAAD4D51733}"
EndProject
Project("{FAE04EC0-301F-11D3-BF4B-00C04F79EFBC}") = "Lukbuk.iOS", "iOS\Lukbuk.iOS.csproj", "{7E2D3B23-6912-4F89-A4A8-24C1116C09DE}"
EndProject
Project("{FAE04EC0-301F-11D3-BF4B-00C04F79EFBC}") = "Lukbuk.Droid", "Droid\Lukbuk.Droid.csproj", "{2CB6F58F-1008-485E-836F-4B47B8B5F182}"
EndProject
Global
	GlobalSection(SolutionConfigurationPlatforms) = preSolution
		Debug|iPhoneSimulator = Debug|iPhoneSimulator
		Release|iPhone = Release|iPhone
		Release|iPhoneSimulator = Release|iPhoneSimulator
		Debug|iPhone = Debug|iPhone
		Debug|Any CPU = Debug|Any CPU
		Release|Any CPU = Release|Any CPU
	EndGlobalSection
	GlobalSection(ProjectConfigurationPlatforms) = postSolution
		{7E2D3B23-6912-4F89-A4A8-24C1116C09DE}.Debug|iPhoneSimulator.ActiveCfg = Debug|iPhoneSimulator
		{7E2D3B23-6912-4F89-A4A8-24C1116C09DE}.Debug|iPhoneSimulator.Build.0 = Debug|iPhoneSimulator
		{7E2D3B23-6912-4F89-A4A8-24C1116C09DE}.Release|iPhone.ActiveCfg = Release|iPhone
		{7E2D3B23-6912-4F89-A4A8-24C1116C09DE}.Release|iPhone.Build.0 = Release|iPhone
		{7E2D3B23-6912-4F89-A4A8-24C1116C09DE}.Release|iPhoneSimulator.ActiveCfg = Release|iPhoneSimulator
		{7E2D3B23-6912-4F89-A4A8-24C1116C09DE}.Release|iPhoneSimulator.Build.0 = Release|iPhoneSimulator
		{7E2D3B23-6912-4F89-A4A8-24C1116C09DE}.Debug|iPhone.ActiveCfg = Debug|iPhone
		{7E2D3B23-6912-4F89-A4A8-24C1116C09DE}.Debug|iPhone.Build.0 = Debug|iPhone
		{7E2D3B23-6912-4F89-A4A8-24C1116C09DE}.Debug|Any CPU.ActiveCfg = Debug|iPhoneSimulator
		{7E2D3B23-6912-4F89-A4A8-24C1116C09DE}.Debug|Any CPU.Build.0 = Debug|iPhoneSimulator
		{7E2D3B23-6912-4F89-A4A8-24C1116C09DE}.Release|Any CPU.ActiveCfg = Release|iPhone
		{7E2D3B23-6912-4F89-A4A8-24C1116C09DE}.Release|Any CPU.Build.0 = Release|iPhone
		{2CB6F58F-1008-485E-836F-4B47B8B5F182}.Debug|iPhoneSimulator.ActiveCfg = Debug|Any CPU
		{2CB6F58F-1008-485E-836F-4B47B8B5F182}.Debug|iPhoneSimulator.Build.0 = Debug|Any CPU
		{2CB6F58F-1008-485E-836F-4B47B8B5F182}.Release|iPhone.ActiveCfg = Release|Any CPU
		{2CB6F58F-1008-485E-836F-4B47B8B5F182}.Release|iPhone.Build.0 = Release|Any CPU
		{2CB6F58F-1008-485E-836F-4B47B8B5F182}.Release|iPhoneSimulator.ActiveCfg = Release|Any CPU
		{2CB6F58F-1008-485E-836F-4B47B8B5F182}.Release|iPhoneSimulator.Build.0 = Release|Any CPU
		{2CB6F58F-1008-485E-836F-4B47B8B5F182}.Debug|iPhone.ActiveCfg = Debug|Any CPU
		{2CB6F58F-1008-485E-836F-4B47B8B5F182}.Debug|iPhone.Build.0 = Debug|Any CPU
		{2CB6F58F-1008-485E-836F-4B47B8B5F182}.Debug|Any CPU.ActiveCfg = Debug|Any CPU
		{2CB6F58F-1008-485E-836F-4B47B8B5F182}.Debug|Any CPU.Build.0 = Debug|Any CPU
		{2CB6F58F-1008-485E-836F-4B47B8B5F182}.Release|Any CPU.ActiveCfg = Release|Any CPU
		{2CB6F58F-1008-485E-836F-4B47B8B5F182}.Release|Any CPU.Build.0 = Release|Any CPU
	EndGlobalSection
EndGlobal
